// !$*UTF8*$!
{
	archiveVersion = 1;
	classes = {
	};
	objectVersion = 50;
	objects = {

/* Begin PBXBuildFile section */
		420B495022387F8200601572 /* AppDelegate.swift in Sources */ = {isa = PBXBuildFile; fileRef = 420B494F22387F8200601572 /* AppDelegate.swift */; };
		420B495222387F8200601572 /* ViewController.swift in Sources */ = {isa = PBXBuildFile; fileRef = 420B495122387F8200601572 /* ViewController.swift */; };
		420B495522387F8200601572 /* Main.storyboard in Resources */ = {isa = PBXBuildFile; fileRef = 420B495322387F8200601572 /* Main.storyboard */; };
		420B495722387F8700601572 /* Assets.xcassets in Resources */ = {isa = PBXBuildFile; fileRef = 420B495622387F8700601572 /* Assets.xcassets */; };
		420B495A22387F8700601572 /* LaunchScreen.storyboard in Resources */ = {isa = PBXBuildFile; fileRef = 420B495822387F8700601572 /* LaunchScreen.storyboard */; };
		420B496522387F8700601572 /* Apple_Pay_SampleTests.swift in Sources */ = {isa = PBXBuildFile; fileRef = 420B496422387F8700601572 /* Apple_Pay_SampleTests.swift */; };
		420B497022387F8700601572 /* Apple_Pay_SampleUITests.swift in Sources */ = {isa = PBXBuildFile; fileRef = 420B496F22387F8700601572 /* Apple_Pay_SampleUITests.swift */; };
/* End PBXBuildFile section */

/* Begin PBXContainerItemProxy section */
		420B496122387F8700601572 /* PBXContainerItemProxy */ = {
			isa = PBXContainerItemProxy;
			containerPortal = 420B494422387F8200601572 /* Project object */;
			proxyType = 1;
			remoteGlobalIDString = 420B494B22387F8200601572;
			remoteInfo = "Apple Pay Sample";
		};
		420B496C22387F8700601572 /* PBXContainerItemProxy */ = {
			isa = PBXContainerItemProxy;
			containerPortal = 420B494422387F8200601572 /* Project object */;
			proxyType = 1;
			remoteGlobalIDString = 420B494B22387F8200601572;
			remoteInfo = "Apple Pay Sample";
		};
/* End PBXContainerItemProxy section */

/* Begin PBXFileReference section */
		420B494C22387F8200601572 /* Apple Pay Sample.app */ = {isa = PBXFileReference; explicitFileType = wrapper.application; includeInIndex = 0; path = "Apple Pay Sample.app"; sourceTree = BUILT_PRODUCTS_DIR; };
		420B494F22387F8200601572 /* AppDelegate.swift */ = {isa = PBXFileReference; lastKnownFileType = sourcecode.swift; path = AppDelegate.swift; sourceTree = "<group>"; };
		420B495122387F8200601572 /* ViewController.swift */ = {isa = PBXFileReference; lastKnownFileType = sourcecode.swift; path = ViewController.swift; sourceTree = "<group>"; };
		420B495422387F8200601572 /* Base */ = {isa = PBXFileReference; lastKnownFileType = file.storyboard; name = Base; path = Base.lproj/Main.storyboard; sourceTree = "<group>"; };
		420B495622387F8700601572 /* Assets.xcassets */ = {isa = PBXFileReference; lastKnownFileType = folder.assetcatalog; path = Assets.xcassets; sourceTree = "<group>"; };
		420B495922387F8700601572 /* Base */ = {isa = PBXFileReference; lastKnownFileType = file.storyboard; name = Base; path = Base.lproj/LaunchScreen.storyboard; sourceTree = "<group>"; };
		420B495B22387F8700601572 /* Info.plist */ = {isa = PBXFileReference; lastKnownFileType = text.plist.xml; path = Info.plist; sourceTree = "<group>"; };
		420B496022387F8700601572 /* Apple Pay SampleTests.xctest */ = {isa = PBXFileReference; explicitFileType = wrapper.cfbundle; includeInIndex = 0; path = "Apple Pay SampleTests.xctest"; sourceTree = BUILT_PRODUCTS_DIR; };
		420B496422387F8700601572 /* Apple_Pay_SampleTests.swift */ = {isa = PBXFileReference; lastKnownFileType = sourcecode.swift; path = Apple_Pay_SampleTests.swift; sourceTree = "<group>"; };
		420B496622387F8700601572 /* Info.plist */ = {isa = PBXFileReference; lastKnownFileType = text.plist.xml; path = Info.plist; sourceTree = "<group>"; };
		420B496B22387F8700601572 /* Apple Pay SampleUITests.xctest */ = {isa = PBXFileReference; explicitFileType = wrapper.cfbundle; includeInIndex = 0; path = "Apple Pay SampleUITests.xctest"; sourceTree = BUILT_PRODUCTS_DIR; };
		420B496F22387F8700601572 /* Apple_Pay_SampleUITests.swift */ = {isa = PBXFileReference; lastKnownFileType = sourcecode.swift; path = Apple_Pay_SampleUITests.swift; sourceTree = "<group>"; };
		420B497122387F8700601572 /* Info.plist */ = {isa = PBXFileReference; lastKnownFileType = text.plist.xml; path = Info.plist; sourceTree = "<group>"; };
/* End PBXFileReference section */

/* Begin PBXFrameworksBuildPhase section */
		420B494922387F8200601572 /* Frameworks */ = {
			isa = PBXFrameworksBuildPhase;
			buildActionMask = 2147483647;
			files = (
			);
			runOnlyForDeploymentPostprocessing = 0;
		};
		420B495D22387F8700601572 /* Frameworks */ = {
			isa = PBXFrameworksBuildPhase;
			buildActionMask = 2147483647;
			files = (
			);
			runOnlyForDeploymentPostprocessing = 0;
		};
		420B496822387F8700601572 /* Frameworks */ = {
			isa = PBXFrameworksBuildPhase;
			buildActionMask = 2147483647;
			files = (
			);
			runOnlyForDeploymentPostprocessing = 0;
		};
/* End PBXFrameworksBuildPhase section */

/* Begin PBXGroup section */
		420B494322387F8200601572 = {
			isa = PBXGroup;
			children = (
				420B494E22387F8200601572 /* Apple Pay Sample */,
				420B496322387F8700601572 /* Apple Pay SampleTests */,
				420B496E22387F8700601572 /* Apple Pay SampleUITests */,
				420B494D22387F8200601572 /* Products */,
			);
			sourceTree = "<group>";
		};
		420B494D22387F8200601572 /* Products */ = {
			isa = PBXGroup;
			children = (
				420B494C22387F8200601572 /* Apple Pay Sample.app */,
				420B496022387F8700601572 /* Apple Pay SampleTests.xctest */,
				420B496B22387F8700601572 /* Apple Pay SampleUITests.xctest */,
			);
			name = Products;
			sourceTree = "<group>";
		};
		420B494E22387F8200601572 /* Apple Pay Sample */ = {
			isa = PBXGroup;
			children = (
				420B494F22387F8200601572 /* AppDelegate.swift */,
				420B495122387F8200601572 /* ViewController.swift */,
				420B495322387F8200601572 /* Main.storyboard */,
				420B495622387F8700601572 /* Assets.xcassets */,
				420B495822387F8700601572 /* LaunchScreen.storyboard */,
				420B495B22387F8700601572 /* Info.plist */,
			);
			path = "Apple Pay Sample";
			sourceTree = "<group>";
		};
		420B496322387F8700601572 /* Apple Pay SampleTests */ = {
			isa = PBXGroup;
			children = (
				420B496422387F8700601572 /* Apple_Pay_SampleTests.swift */,
				420B496622387F8700601572 /* Info.plist */,
			);
			path = "Apple Pay SampleTests";
			sourceTree = "<group>";
		};
		420B496E22387F8700601572 /* Apple Pay SampleUITests */ = {
			isa = PBXGroup;
			children = (
				420B496F22387F8700601572 /* Apple_Pay_SampleUITests.swift */,
				420B497122387F8700601572 /* Info.plist */,
			);
			path = "Apple Pay SampleUITests";
			sourceTree = "<group>";
		};
/* End PBXGroup section */

/* Begin PBXNativeTarget section */
		420B494B22387F8200601572 /* Apple Pay Sample */ = {
			isa = PBXNativeTarget;
			buildConfigurationList = 420B497422387F8700601572 /* Build configuration list for PBXNativeTarget "Apple Pay Sample" */;
			buildPhases = (
				420B494822387F8200601572 /* Sources */,
				420B494922387F8200601572 /* Frameworks */,
				420B494A22387F8200601572 /* Resources */,
			);
			buildRules = (
			);
			dependencies = (
			);
			name = "Apple Pay Sample";
			productName = "Apple Pay Sample";
			productReference = 420B494C22387F8200601572 /* Apple Pay Sample.app */;
			productType = "com.apple.product-type.application";
		};
		420B495F22387F8700601572 /* Apple Pay SampleTests */ = {
			isa = PBXNativeTarget;
			buildConfigurationList = 420B497722387F8700601572 /* Build configuration list for PBXNativeTarget "Apple Pay SampleTests" */;
			buildPhases = (
				420B495C22387F8700601572 /* Sources */,
				420B495D22387F8700601572 /* Frameworks */,
				420B495E22387F8700601572 /* Resources */,
			);
			buildRules = (
			);
			dependencies = (
				420B496222387F8700601572 /* PBXTargetDependency */,
			);
			name = "Apple Pay SampleTests";
			productName = "Apple Pay SampleTests";
			productReference = 420B496022387F8700601572 /* Apple Pay SampleTests.xctest */;
			productType = "com.apple.product-type.bundle.unit-test";
		};
		420B496A22387F8700601572 /* Apple Pay SampleUITests */ = {
			isa = PBXNativeTarget;
			buildConfigurationList = 420B497A22387F8700601572 /* Build configuration list for PBXNativeTarget "Apple Pay SampleUITests" */;
			buildPhases = (
				420B496722387F8700601572 /* Sources */,
				420B496822387F8700601572 /* Frameworks */,
				420B496922387F8700601572 /* Resources */,
			);
			buildRules = (
			);
			dependencies = (
				420B496D22387F8700601572 /* PBXTargetDependency */,
			);
			name = "Apple Pay SampleUITests";
			productName = "Apple Pay SampleUITests";
			productReference = 420B496B22387F8700601572 /* Apple Pay SampleUITests.xctest */;
			productType = "com.apple.product-type.bundle.ui-testing";
		};
/* End PBXNativeTarget section */

/* Begin PBXProject section */
		420B494422387F8200601572 /* Project object */ = {
			isa = PBXProject;
			attributes = {
				LastSwiftUpdateCheck = 1010;
				LastUpgradeCheck = 1010;
				ORGANIZATIONNAME = HyreCar;
				TargetAttributes = {
					420B494B22387F8200601572 = {
						CreatedOnToolsVersion = 10.1;
					};
					420B495F22387F8700601572 = {
						CreatedOnToolsVersion = 10.1;
						TestTargetID = 420B494B22387F8200601572;
					};
					420B496A22387F8700601572 = {
						CreatedOnToolsVersion = 10.1;
						TestTargetID = 420B494B22387F8200601572;
					};
				};
			};
			buildConfigurationList = 420B494722387F8200601572 /* Build configuration list for PBXProject "Apple Pay Sample" */;
			compatibilityVersion = "Xcode 9.3";
			developmentRegion = en;
			hasScannedForEncodings = 0;
			knownRegions = (
				en,
				Base,
			);
			mainGroup = 420B494322387F8200601572;
			productRefGroup = 420B494D22387F8200601572 /* Products */;
			projectDirPath = "";
			projectRoot = "";
			targets = (
				420B494B22387F8200601572 /* Apple Pay Sample */,
				420B495F22387F8700601572 /* Apple Pay SampleTests */,
				420B496A22387F8700601572 /* Apple Pay SampleUITests */,
			);
		};
/* End PBXProject section */

/* Begin PBXResourcesBuildPhase section */
		420B494A22387F8200601572 /* Resources */ = {
			isa = PBXResourcesBuildPhase;
			buildActionMask = 2147483647;
			files = (
				420B495A22387F8700601572 /* LaunchScreen.storyboard in Resources */,
				420B495722387F8700601572 /* Assets.xcassets in Resources */,
				420B495522387F8200601572 /* Main.storyboard in Resources */,
			);
			runOnlyForDeploymentPostprocessing = 0;
		};
		420B495E22387F8700601572 /* Resources */ = {
			isa = PBXResourcesBuildPhase;
			buildActionMask = 2147483647;
			files = (
			);
			runOnlyForDeploymentPostprocessing = 0;
		};
		420B496922387F8700601572 /* Resources */ = {
			isa = PBXResourcesBuildPhase;
			buildActionMask = 2147483647;
			files = (
			);
			runOnlyForDeploymentPostprocessing = 0;
		};
/* End PBXResourcesBuildPhase section */

/* Begin PBXSourcesBuildPhase section */
		420B494822387F8200601572 /* Sources */ = {
			isa = PBXSourcesBuildPhase;
			buildActionMask = 2147483647;
			files = (
				420B495222387F8200601572 /* ViewController.swift in Sources */,
				420B495022387F8200601572 /* AppDelegate.swift in Sources */,
			);
			runOnlyForDeploymentPostprocessing = 0;
		};
		420B495C22387F8700601572 /* Sources */ = {
			isa = PBXSourcesBuildPhase;
			buildActionMask = 2147483647;
			files = (
				420B496522387F8700601572 /* Apple_Pay_SampleTests.swift in Sources */,
			);
			runOnlyForDeploymentPostprocessing = 0;
		};
		420B496722387F8700601572 /* Sources */ = {
			isa = PBXSourcesBuildPhase;
			buildActionMask = 2147483647;
			files = (
				420B497022387F8700601572 /* Apple_Pay_SampleUITests.swift in Sources */,
			);
			runOnlyForDeploymentPostprocessing = 0;
		};
/* End PBXSourcesBuildPhase section */

/* Begin PBXTargetDependency section */
		420B496222387F8700601572 /* PBXTargetDependency */ = {
			isa = PBXTargetDependency;
			target = 420B494B22387F8200601572 /* Apple Pay Sample */;
			targetProxy = 420B496122387F8700601572 /* PBXContainerItemProxy */;
		};
		420B496D22387F8700601572 /* PBXTargetDependency */ = {
			isa = PBXTargetDependency;
			target = 420B494B22387F8200601572 /* Apple Pay Sample */;
			targetProxy = 420B496C22387F8700601572 /* PBXContainerItemProxy */;
		};
/* End PBXTargetDependency section */

/* Begin PBXVariantGroup section */
		420B495322387F8200601572 /* Main.storyboard */ = {
			isa = PBXVariantGroup;
			children = (
				420B495422387F8200601572 /* Base */,
			);
			name = Main.storyboard;
			sourceTree = "<group>";
		};
		420B495822387F8700601572 /* LaunchScreen.storyboard */ = {
			isa = PBXVariantGroup;
			children = (
				420B495922387F8700601572 /* Base */,
			);
			name = LaunchScreen.storyboard;
			sourceTree = "<group>";
		};
/* End PBXVariantGroup section */

/* Begin XCBuildConfiguration section */
		420B497222387F8700601572 /* Debug */ = {
			isa = XCBuildConfiguration;
			buildSettings = {
				ALWAYS_SEARCH_USER_PATHS = NO;
				CLANG_ANALYZER_NONNULL = YES;
				CLANG_ANALYZER_NUMBER_OBJECT_CONVERSION = YES_AGGRESSIVE;
				CLANG_CXX_LANGUAGE_STANDARD = "gnu++14";
				CLANG_CXX_LIBRARY = "libc++";
				CLANG_ENABLE_MODULES = YES;
				CLANG_ENABLE_OBJC_ARC = YES;
				CLANG_ENABLE_OBJC_WEAK = YES;
				CLANG_WARN_BLOCK_CAPTURE_AUTORELEASING = YES;
				CLANG_WARN_BOOL_CONVERSION = YES;
				CLANG_WARN_COMMA = YES;
				CLANG_WARN_CONSTANT_CONVERSION = YES;
				CLANG_WARN_DEPRECATED_OBJC_IMPLEMENTATIONS = YES;
				CLANG_WARN_DIRECT_OBJC_ISA_USAGE = YES_ERROR;
				CLANG_WARN_DOCUMENTATION_COMMENTS = YES;
				CLANG_WARN_EMPTY_BODY = YES;
				CLANG_WARN_ENUM_CONVERSION = YES;
				CLANG_WARN_INFINITE_RECURSION = YES;
				CLANG_WARN_INT_CONVERSION = YES;
				CLANG_WARN_NON_LITERAL_NULL_CONVERSION = YES;
				CLANG_WARN_OBJC_IMPLICIT_RETAIN_SELF = YES;
				CLANG_WARN_OBJC_LITERAL_CONVERSION = YES;
				CLANG_WARN_OBJC_ROOT_CLASS = YES_ERROR;
				CLANG_WARN_RANGE_LOOP_ANALYSIS = YES;
				CLANG_WARN_STRICT_PROTOTYPES = YES;
				CLANG_WARN_SUSPICIOUS_MOVE = YES;
				CLANG_WARN_UNGUARDED_AVAILABILITY = YES_AGGRESSIVE;
				CLANG_WARN_UNREACHABLE_CODE = YES;
				CLANG_WARN__DUPLICATE_METHOD_MATCH = YES;
				CODE_SIGN_IDENTITY = "iPhone Developer";
				COPY_PHASE_STRIP = NO;
				DEBUG_INFORMATION_FORMAT = dwarf;
				ENABLE_STRICT_OBJC_MSGSEND = YES;
				ENABLE_TESTABILITY = YES;
				GCC_C_LANGUAGE_STANDARD = gnu11;
				GCC_DYNAMIC_NO_PIC = NO;
				GCC_NO_COMMON_BLOCKS = YES;
				GCC_OPTIMIZATION_LEVEL = 0;
				GCC_PREPROCESSOR_DEFINITIONS = (
					"DEBUG=1",
					"$(inherited)",
				);
				GCC_WARN_64_TO_32_BIT_CONVERSION = YES;
				GCC_WARN_ABOUT_RETURN_TYPE = YES_ERROR;
				GCC_WARN_UNDECLARED_SELECTOR = YES;
				GCC_WARN_UNINITIALIZED_AUTOS = YES_AGGRESSIVE;
				GCC_WARN_UNUSED_FUNCTION = YES;
				GCC_WARN_UNUSED_VARIABLE = YES;
				IPHONEOS_DEPLOYMENT_TARGET = 12.1;
				MTL_ENABLE_DEBUG_INFO = INCLUDE_SOURCE;
				MTL_FAST_MATH = YES;
				ONLY_ACTIVE_ARCH = YES;
				SDKROOT = iphoneos;
				SWIFT_ACTIVE_COMPILATION_CONDITIONS = DEBUG;
				SWIFT_OPTIMIZATION_LEVEL = "-Onone";
			};
			name = Debug;
		};
		420B497322387F8700601572 /* Release */ = {
			isa = XCBuildConfiguration;
			buildSettings = {
				ALWAYS_SEARCH_USER_PATHS = NO;
				CLANG_ANALYZER_NONNULL = YES;
				CLANG_ANALYZER_NUMBER_OBJECT_CONVERSION = YES_AGGRESSIVE;
				CLANG_CXX_LANGUAGE_STANDARD = "gnu++14";
				CLANG_CXX_LIBRARY = "libc++";
				CLANG_ENABLE_MODULES = YES;
				CLANG_ENABLE_OBJC_ARC = YES;
				CLANG_ENABLE_OBJC_WEAK = YES;
				CLANG_WARN_BLOCK_CAPTURE_AUTORELEASING = YES;
				CLANG_WARN_BOOL_CONVERSION = YES;
				CLANG_WARN_COMMA = YES;
				CLANG_WARN_CONSTANT_CONVERSION = YES;
				CLANG_WARN_DEPRECATED_OBJC_IMPLEMENTATIONS = YES;
				CLANG_WARN_DIRECT_OBJC_ISA_USAGE = YES_ERROR;
				CLANG_WARN_DOCUMENTATION_COMMENTS = YES;
				CLANG_WARN_EMPTY_BODY = YES;
				CLANG_WARN_ENUM_CONVERSION = YES;
				CLANG_WARN_INFINITE_RECURSION = YES;
				CLANG_WARN_INT_CONVERSION = YES;
				CLANG_WARN_NON_LITERAL_NULL_CONVERSION = YES;
				CLANG_WARN_OBJC_IMPLICIT_RETAIN_SELF = YES;
				CLANG_WARN_OBJC_LITERAL_CONVERSION = YES;
				CLANG_WARN_OBJC_ROOT_CLASS = YES_ERROR;
				CLANG_WARN_RANGE_LOOP_ANALYSIS = YES;
				CLANG_WARN_STRICT_PROTOTYPES = YES;
				CLANG_WARN_SUSPICIOUS_MOVE = YES;
				CLANG_WARN_UNGUARDED_AVAILABILITY = YES_AGGRESSIVE;
				CLANG_WARN_UNREACHABLE_CODE = YES;
				CLANG_WARN__DUPLICATE_METHOD_MATCH = YES;
				CODE_SIGN_IDENTITY = "iPhone Developer";
				COPY_PHASE_STRIP = NO;
				DEBUG_INFORMATION_FORMAT = "dwarf-with-dsym";
				ENABLE_NS_ASSERTIONS = NO;
				ENABLE_STRICT_OBJC_MSGSEND = YES;
				GCC_C_LANGUAGE_STANDARD = gnu11;
				GCC_NO_COMMON_BLOCKS = YES;
				GCC_WARN_64_TO_32_BIT_CONVERSION = YES;
				GCC_WARN_ABOUT_RETURN_TYPE = YES_ERROR;
				GCC_WARN_UNDECLARED_SELECTOR = YES;
				GCC_WARN_UNINITIALIZED_AUTOS = YES_AGGRESSIVE;
				GCC_WARN_UNUSED_FUNCTION = YES;
				GCC_WARN_UNUSED_VARIABLE = YES;
				IPHONEOS_DEPLOYMENT_TARGET = 12.1;
				MTL_ENABLE_DEBUG_INFO = NO;
				MTL_FAST_MATH = YES;
				SDKROOT = iphoneos;
				SWIFT_COMPILATION_MODE = wholemodule;
				SWIFT_OPTIMIZATION_LEVEL = "-O";
				VALIDATE_PRODUCT = YES;
			};
			name = Release;
		};
		420B497522387F8700601572 /* Debug */ = {
			isa = XCBuildConfiguration;
			buildSettings = {
				ASSETCATALOG_COMPILER_APPICON_NAME = AppIcon;
				CODE_SIGN_STYLE = Automatic;
				DEVELOPMENT_TEAM = C77H784CS3;
				INFOPLIST_FILE = "Apple Pay Sample/Info.plist";
				LD_RUNPATH_SEARCH_PATHS = (
					"$(inherited)",
					"@executable_path/Frameworks",
				);
				PRODUCT_BUNDLE_IDENTIFIER = "com.hyrecar.ios.app.Apple-Pay-Sample";
				PRODUCT_NAME = "$(TARGET_NAME)";
				SWIFT_VERSION = 4.2;
				TARGETED_DEVICE_FAMILY = "1,2";
			};
			name = Debug;
		};
		420B497622387F8700601572 /* Release */ = {
			isa = XCBuildConfiguration;
			buildSettings = {
				ASSETCATALOG_COMPILER_APPICON_NAME = AppIcon;
				CODE_SIGN_STYLE = Automatic;
				DEVELOPMENT_TEAM = C77H784CS3;
				INFOPLIST_FILE = "Apple Pay Sample/Info.plist";
				LD_RUNPATH_SEARCH_PATHS = (
					"$(inherited)",
					"@executable_path/Frameworks",
				);
				PRODUCT_BUNDLE_IDENTIFIER = "com.hyrecar.ios.app.Apple-Pay-Sample";
				PRODUCT_NAME = "$(TARGET_NAME)";
				SWIFT_VERSION = 4.2;
				TARGETED_DEVICE_FAMILY = "1,2";
			};
			name = Release;
		};
		420B497822387F8700601572 /* Debug */ = {
			isa = XCBuildConfiguration;
			buildSettings = {
				ALWAYS_EMBED_SWIFT_STANDARD_LIBRARIES = YES;
				BUNDLE_LOADER = "$(TEST_HOST)";
				CODE_SIGN_STYLE = Automatic;
				DEVELOPMENT_TEAM = C77H784CS3;
				INFOPLIST_FILE = "Apple Pay SampleTests/Info.plist";
				LD_RUNPATH_SEARCH_PATHS = (
					"$(inherited)",
					"@executable_path/Frameworks",
					"@loader_path/Frameworks",
				);
				PRODUCT_BUNDLE_IDENTIFIER = "com.hyrecar.ios.app.Apple-Pay-SampleTests";
				PRODUCT_NAME = "$(TARGET_NAME)";
				SWIFT_VERSION = 4.2;
				TARGETED_DEVICE_FAMILY = "1,2";
				TEST_HOST = "$(BUILT_PRODUCTS_DIR)/Apple Pay Sample.app/Apple Pay Sample";
			};
			name = Debug;
		};
		420B497922387F8700601572 /* Release */ = {
			isa = XCBuildConfiguration;
			buildSettings = {
				ALWAYS_EMBED_SWIFT_STANDARD_LIBRARIES = YES;
				BUNDLE_LOADER = "$(TEST_HOST)";
				CODE_SIGN_STYLE = Automatic;
				DEVELOPMENT_TEAM = C77H784CS3;
				INFOPLIST_FILE = "Apple Pay SampleTests/Info.plist";
				LD_RUNPATH_SEARCH_PATHS = (
					"$(inherited)",
					"@executable_path/Frameworks",
					"@loader_path/Frameworks",
				);
				PRODUCT_BUNDLE_IDENTIFIER = "com.hyrecar.ios.app.Apple-Pay-SampleTests";
				PRODUCT_NAME = "$(TARGET_NAME)";
				SWIFT_VERSION = 4.2;
				TARGETED_DEVICE_FAMILY = "1,2";
				TEST_HOST = "$(BUILT_PRODUCTS_DIR)/Apple Pay Sample.app/Apple Pay Sample";
			};
			name = Release;
		};
		420B497B22387F8700601572 /* Debug */ = {
			isa = XCBuildConfiguration;
			buildSettings = {
				ALWAYS_EMBED_SWIFT_STANDARD_LIBRARIES = YES;
				CODE_SIGN_STYLE = Automatic;
				DEVELOPMENT_TEAM = C77H784CS3;
				INFOPLIST_FILE = "Apple Pay SampleUITests/Info.plist";
				LD_RUNPATH_SEARCH_PATHS = (
					"$(inherited)",
					"@executable_path/Frameworks",
					"@loader_path/Frameworks",
				);
				PRODUCT_BUNDLE_IDENTIFIER = "com.hyrecar.ios.app.Apple-Pay-SampleUITests";
				PRODUCT_NAME = "$(TARGET_NAME)";
				SWIFT_VERSION = 4.2;
				TARGETED_DEVICE_FAMILY = "1,2";
				TEST_TARGET_NAME = "Apple Pay Sample";
			};
			name = Debug;
		};
		420B497C22387F8700601572 /* Release */ = {
			isa = XCBuildConfiguration;
			buildSettings = {
				ALWAYS_EMBED_SWIFT_STANDARD_LIBRARIES = YES;
				CODE_SIGN_STYLE = Automatic;
				DEVELOPMENT_TEAM = C77H784CS3;
				INFOPLIST_FILE = "Apple Pay SampleUITests/Info.plist";
				LD_RUNPATH_SEARCH_PATHS = (
					"$(inherited)",
					"@executable_path/Frameworks",
					"@loader_path/Frameworks",
				);
				PRODUCT_BUNDLE_IDENTIFIER = "com.hyrecar.ios.app.Apple-Pay-SampleUITests";
				PRODUCT_NAME = "$(TARGET_NAME)";
				SWIFT_VERSION = 4.2;
				TARGETED_DEVICE_FAMILY = "1,2";
				TEST_TARGET_NAME = "Apple Pay Sample";
			};
			name = Release;
		};
/* End XCBuildConfiguration section */

/* Begin XCConfigurationList section */
		420B494722387F8200601572 /* Build configuration list for PBXProject "Apple Pay Sample" */ = {
			isa = XCConfigurationList;
			buildConfigurations = (
				420B497222387F8700601572 /* Debug */,
				420B497322387F8700601572 /* Release */,
			);
			defaultConfigurationIsVisible = 0;
			defaultConfigurationName = Release;
		};
		420B497422387F8700601572 /* Build configuration list for PBXNativeTarget "Apple Pay Sample" */ = {
			isa = XCConfigurationList;
			buildConfigurations = (
				420B497522387F8700601572 /* Debug */,
				420B497622387F8700601572 /* Release */,
			);
			defaultConfigurationIsVisible = 0;
			defaultConfigurationName = Release;
		};
		420B497722387F8700601572 /* Build configuration list for PBXNativeTarget "Apple Pay SampleTests" */ = {
			isa = XCConfigurationList;
			buildConfigurations = (
				420B497822387F8700601572 /* Debug */,
				420B497922387F8700601572 /* Release */,
			);
			defaultConfigurationIsVisible = 0;
			defaultConfigurationName = Release;
		};
		420B497A22387F8700601572 /* Build configuration list for PBXNativeTarget "Apple Pay SampleUITests" */ = {
			isa = XCConfigurationList;
			buildConfigurations = (
				420B497B22387F8700601572 /* Debug */,
				420B497C22387F8700601572 /* Release */,
			);
			defaultConfigurationIsVisible = 0;
			defaultConfigurationName = Release;
		};
/* End XCConfigurationList section */
	};
	rootObject = 420B494422387F8200601572 /* Project object */;
}
